Microsoft Visual Studio Solution File, Format Version 12.00
# Visual Studio Version 17
VisualStudioVersion = 17.2.32210.308
MinimumVisualStudioVersion = 10.0.40219.1
Project("{9A19103F-16F7-4668-BE54-9A1E7A4F7556}") = "Microsoft.CodeAnalysis", "src\Compilers\Core\Portable\Microsoft.CodeAnalysis.csproj", "{1EE8CAD3-55F9-4D91-96B2-084641DA9A6C}"
EndProject
Project("{2150E333-8FDC-42A3-9474-1A3956D46DE8}") = "Core", "Core", "{A41D1B99-F489-4C43-BBDF-96D61B19A6B9}"
EndProject
Project("{2150E333-8FDC-42A3-9474-1A3956D46DE8}") = "Tools", "Tools", "{FD0FAF5F-1DED-485C-99FA-84B97F3A8EEC}"
EndProject
Project("{D954291E-2A0B-460D-934E-DC6B0785DB48}") = "AnalyzerDriver", "src\Compilers\Core\AnalyzerDriver\AnalyzerDriver.shproj", "{D0BC9BE7-24F6-40CA-8DC6-FCB93BD44B34}"
EndProject
Project("{2150E333-8FDC-42A3-9474-1A3956D46DE8}") = "Server", "Server", "{E35DA3D1-16C0-4318-9187-6B664F12A870}"
EndProject
Project("{2150E333-8FDC-42A3-9474-1A3956D46DE8}") = "Dependencies", "Dependencies", "{3CDEA9FB-CD44-4AB4-98A8-5537AAA2169B}"
EndProject
Project("{D954291E-2A0B-460D-934E-DC6B0785DB48}") = "Microsoft.CodeAnalysis.PooledObjects", "src\Dependencies\PooledObjects\Microsoft.CodeAnalysis.PooledObjects.shproj", "{C1930979-C824-496B-A630-70F5369A636F}"
EndProject
Project("{D954291E-2A0B-460D-934E-DC6B0785DB48}") = "Microsoft.CodeAnalysis.Debugging", "src\Dependencies\CodeAnalysis.Debugging\Microsoft.CodeAnalysis.Debugging.shproj", "{D73ADF7D-2C1C-42AE-B2AB-EDC9497E4B71}"
EndProject
Project("{9A19103F-16F7-4668-BE54-9A1E7A4F7556}") = "Microsoft.Build.Tasks.CodeAnalysis", "src\Compilers\Core\MSBuildTask\Microsoft.Build.Tasks.CodeAnalysis.csproj", "{7AD4FE65-9A30-41A6-8004-AA8F89BCB7F3}"
EndProject
Project("{2150E333-8FDC-42A3-9474-1A3956D46DE8}") = "Scripting", "Scripting", "{3FF38FD4-DF16-44B0-924F-0D5AE155495B}"
EndProject
Project("{9A19103F-16F7-4668-BE54-9A1E7A4F7556}") = "Microsoft.CodeAnalysis.Scripting", "src\Scripting\Core\Microsoft.CodeAnalysis.Scripting.csproj", "{12A68549-4E8C-42D6-8703-A09335F97997}"
EndProject
Project("{2150E333-8FDC-42A3-9474-1A3956D46DE8}") = "Workspace", "Workspace", "{D9591377-7868-4D64-9314-83E0C92A871B}"
EndProject
Project("{9A19103F-16F7-4668-BE54-9A1E7A4F7556}") = "Microsoft.CodeAnalysis.Workspaces", "src\Workspaces\Core\Portable\Microsoft.CodeAnalysis.Workspaces.csproj", "{5F8D2414-064A-4B3A-9B42-8E2A04246BE5}"
EndProject
Project("{2150E333-8FDC-42A3-9474-1A3956D46DE8}") = "Packages", "Packages", "{274B96B7-F815-47E3-9CA4-4024A57A478F}"
EndProject
Project("{9A19103F-16F7-4668-BE54-9A1E7A4F7556}") = "BuildBoss", "src\Tools\BuildBoss\BuildBoss.csproj", "{8A02AFAF-F622-4E3E-9E1A-8CFDACC7C7E1}"
EndProject
Project("{9A19103F-16F7-4668-BE54-9A1E7A4F7556}") = "PrepareTests", "src\Tools\PrepareTests\PrepareTests.csproj", "{9B25E472-DF94-4E24-9F5D-E487CE5A91FB}"
EndProject
Project("{D954291E-2A0B-460D-934E-DC6B0785DB48}") = "Microsoft.CodeAnalysis.Collections", "src\Dependencies\Collections\Microsoft.CodeAnalysis.Collections.shproj", "{E919DD77-34F8-4F57-8058-4D3FF4C2B241}"
EndProject
Project("{2150E333-8FDC-42A3-9474-1A3956D46DE8}") = "Lua", "Lua", "{81BA554D-718C-4FAB-B415-3C8FA88A8B64}"
	ProjectSection(SolutionItems) = preProject
		src\Compilers\Shared\Luac.cs = src\Compilers\Shared\Luac.cs
	EndProjectSection
EndProject
Project("{9A19103F-16F7-4668-BE54-9A1E7A4F7556}") = "SamLu.CodeAnalysis", "src\Compilers\Core\SamLu.CodeAnalysis\SamLu.CodeAnalysis.csproj", "{8B341E03-5E3F-4C35-BB63-0D6668BA9629}"
EndProject
Project("{9A19103F-16F7-4668-BE54-9A1E7A4F7556}") = "SamLu.CodeAnalysis.Lua", "src\Compilers\Lua\Portable\SamLu.CodeAnalysis.Lua.csproj", "{CE8FF80C-C11B-46DE-9BBF-93DB2C18C958}"
EndProject
Project("{2150E333-8FDC-42A3-9474-1A3956D46DE8}") = "MoonScript", "MoonScript", "{3DEF28A6-121F-4F81-9A17-8AD2282C39EA}"
	ProjectSection(SolutionItems) = preProject
		src\Compilers\Shared\Moonc.cs = src\Compilers\Shared\Moonc.cs
	EndProjectSection
EndProject
Project("{D954291E-2A0B-460D-934E-DC6B0785DB48}") = "SamLu.CodeAnalysis.Shared", "src\Compilers\Core\Shared\SamLu.CodeAnalysis.Shared\SamLu.CodeAnalysis.Shared.shproj", "{48CCBB50-B9E9-4A5A-AD46-91D80519B95E}"
EndProject
Project("{9A19103F-16F7-4668-BE54-9A1E7A4F7556}") = "SamLu.CodeAnalysis.MoonScript", "src\Compilers\MoonScript\Portable\SamLu.CodeAnalysis.MoonScript.csproj", "{08179868-A6A3-4C87-A29F-276864C37186}"
EndProject
Project("{2150E333-8FDC-42A3-9474-1A3956D46DE8}") = "Terra", "Terra", "{9441A984-6E6B-4D22-91F1-21402F039C4B}"
EndProject
Project("{9A19103F-16F7-4668-BE54-9A1E7A4F7556}") = "Lua.Core", "src\Lang\Lua\Lua.Core\Lua.Core.csproj", "{2B907870-2A19-4618-9D52-BA05CF11B0DF}"
EndProject
Project("{D954291E-2A0B-460D-934E-DC6B0785DB48}") = "LuacCommandLine", "src\Compilers\Lua\luac\LuacCommandLine.shproj", "{AE16B937-88B4-406C-BEB3-D22DE9E6C887}"
EndProject
Project("{9A19103F-16F7-4668-BE54-9A1E7A4F7556}") = "luac", "src\Compilers\Lua\luac\AnyCpu\luac.csproj", "{EAD4DECD-839B-44A7-AE84-A864BF35969C}"
EndProject
Project("{9A19103F-16F7-4668-BE54-9A1E7A4F7556}") = "luac-arm64", "src\Compilers\Lua\luac\arm64\luac-arm64.csproj", "{7C0D6228-4C05-4734-BC49-6BFFAA5C8F3A}"
EndProject
Project("{D954291E-2A0B-460D-934E-DC6B0785DB48}") = "MooncCommandLine", "src\Compilers\MoonScript\moonc\MooncCommandLine.shproj", "{4CEC9807-0CF3-4AAB-91B7-7E5C68159520}"
EndProject
Project("{9A19103F-16F7-4668-BE54-9A1E7A4F7556}") = "moonc", "src\Compilers\MoonScript\moonc\AnyCpu\moonc.csproj", "{40646B8D-B128-480A-9BD2-A2EEAE5C9809}"
EndProject
Project("{9A19103F-16F7-4668-BE54-9A1E7A4F7556}") = "moonc-arm64", "src\Compilers\MoonScript\moonc\arm64\moonc-arm64.csproj", "{51A1907B-8C3A-476D-9A30-A2FA21C691CF}"
EndProject
Project("{9A19103F-16F7-4668-BE54-9A1E7A4F7556}") = "SamLu.CodeAnalysis.UnitTests", "src\Compilers\Core\CodeAnalysisTest\SamLu.CodeAnalysis.UnitTests.csproj", "{7DCE9614-4484-4FB9-AE07-1C04ECEAF60B}"
EndProject
Project("{9A19103F-16F7-4668-BE54-9A1E7A4F7556}") = "SamLu.CodeAnalysis.Lua.Parser.UnitTests", "src\Compilers\Lua\Test\Parser\SamLu.CodeAnalysis.Lua.Parser.UnitTests.csproj", "{DF3D5817-5F3D-4964-8DE2-D45D312B1B32}"
EndProject
Project("{9A19103F-16F7-4668-BE54-9A1E7A4F7556}") = "LuaCodeAnalysisSourceGenerators", "src\Tools\Source\CompilerGeneratorTools\src\LuaCodeAnalysisSourceGenerators\LuaCodeAnalysisSourceGenerators.csproj", "{D929770B-C91D-4553-B301-11C02FAF73E1}"
EndProject
Project("{D954291E-2A0B-460D-934E-DC6B0785DB48}") = "CodeAnalysisGenerators.Shared", "src\Tools\Source\CompilerGeneratorTools\src\Shared\CodeAnalysisGenerators.Shared.shproj", "{B2D21490-8284-48C7-8E96-85EBFB70C11F}"
EndProject
Project("{9A19103F-16F7-4668-BE54-9A1E7A4F7556}") = "MoonScriptCodeAnalysisSourceGenerators", "src\Tools\Source\CompilerGeneratorTools\src\MoonScriptCodeAnalysisSourceGenerators\MoonScriptCodeAnalysisSourceGenerators.csproj", "{FB12F0DD-2810-4EEA-A59D-FB21CA43F60D}"
EndProject
Project("{9A19103F-16F7-4668-BE54-9A1E7A4F7556}") = "SamLu.CodeAnalysis.MoonScript.Parser.UnitTests", "src\Compilers\MoonScript\Test\Parser\SamLu.CodeAnalysis.MoonScript.Parser.UnitTests.csproj", "{2FC502DF-E5D1-46E6-ACF1-6CB45782D150}"
EndProject
Project("{2150E333-8FDC-42A3-9474-1A3956D46DE8}") = "SourceGenerators", "SourceGenerators", "{878A85F9-29C3-4BF8-AC32-8F45C7503343}"
EndProject
Project("{2150E333-8FDC-42A3-9474-1A3956D46DE8}") = "Simulators", "Simulators", "{F1FEDF8F-5D73-413B-AD59-DE53E2271106}"
EndProject
Project("{9A19103F-16F7-4668-BE54-9A1E7A4F7556}") = "LexerSimulator", "src\Tools\Simulators\src\LexerSimulator\LexerSimulator.csproj", "{957329C8-2068-4E6B-AB54-8BE4D455EE1A}"
EndProject
Project("{9A19103F-16F7-4668-BE54-9A1E7A4F7556}") = "Luna.Compilers.Simulators", "src\Tools\Simulators\src\Luna.Compilers.Simulators\Luna.Compilers.Simulators.csproj", "{60D06FC4-4C55-4426-ADDF-2E493CEC2B1D}"
EndProject
Project("{9A19103F-16F7-4668-BE54-9A1E7A4F7556}") = "LexerRender", "src\Tools\Simulators\src\LexerRender\LexerRender.csproj", "{787D9B1B-2040-4354-9728-16877254B417}"
EndProject
Project("{9A19103F-16F7-4668-BE54-9A1E7A4F7556}") = "LuaSimulators", "src\Tools\Simulators\src\LuaSimulators\LuaSimulators.csproj", "{D32EC3B6-7849-4D98-B36A-2DB8ABE0A965}"
EndProject
Project("{9A19103F-16F7-4668-BE54-9A1E7A4F7556}") = "Luna.Compilers.Simulators.Tasks", "src\Tools\Simulators\src\Luna.Compilers.Simulators.Tasks\Luna.Compilers.Simulators.Tasks.csproj", "{057694CA-5BB2-4779-AC8B-4C067D4B70C4}"
EndProject
Project("{9A19103F-16F7-4668-BE54-9A1E7A4F7556}") = "RoslynSimulators", "src\Tools\Simulators\src\RoslynSimulators\RoslynSimulators.csproj", "{4216EEF0-25D5-4CAD-BF2C-A8097B483F0E}"
EndProject
Project("{9A19103F-16F7-4668-BE54-9A1E7A4F7556}") = "LanguageParserSimulator", "src\Tools\Simulators\src\LanguageParserSimulator\LanguageParserSimulator.csproj", "{9D2FBE1E-9980-43A6-B8BD-9226E67DB896}"
EndProject
Global
	GlobalSection(SolutionConfigurationPlatforms) = preSolution
		Debug|Any CPU = Debug|Any CPU
		Release|Any CPU = Release|Any CPU
		Testing|Any CPU = Testing|Any CPU
	EndGlobalSection
	GlobalSection(ProjectConfigurationPlatforms) = postSolution
		{1EE8CAD3-55F9-4D91-96B2-084641DA9A6C}.Debug|Any CPU.ActiveCfg = Debug|Any CPU
		{1EE8CAD3-55F9-4D91-96B2-084641DA9A6C}.Debug|Any CPU.Build.0 = Debug|Any CPU
		{1EE8CAD3-55F9-4D91-96B2-084641DA9A6C}.Release|Any CPU.ActiveCfg = Release|Any CPU
		{1EE8CAD3-55F9-4D91-96B2-084641DA9A6C}.Release|Any CPU.Build.0 = Release|Any CPU
		{1EE8CAD3-55F9-4D91-96B2-084641DA9A6C}.Testing|Any CPU.ActiveCfg = Testing|Any CPU
		{1EE8CAD3-55F9-4D91-96B2-084641DA9A6C}.Testing|Any CPU.Build.0 = Testing|Any CPU
		{7AD4FE65-9A30-41A6-8004-AA8F89BCB7F3}.Debug|Any CPU.ActiveCfg = Debug|Any CPU
		{7AD4FE65-9A30-41A6-8004-AA8F89BCB7F3}.Debug|Any CPU.Build.0 = Debug|Any CPU
		{7AD4FE65-9A30-41A6-8004-AA8F89BCB7F3}.Release|Any CPU.ActiveCfg = Release|Any CPU
		{7AD4FE65-9A30-41A6-8004-AA8F89BCB7F3}.Release|Any CPU.Build.0 = Release|Any CPU
		{7AD4FE65-9A30-41A6-8004-AA8F89BCB7F3}.Testing|Any CPU.ActiveCfg = Debug|Any CPU
		{7AD4FE65-9A30-41A6-8004-AA8F89BCB7F3}.Testing|Any CPU.Build.0 = Debug|Any CPU
		{12A68549-4E8C-42D6-8703-A09335F97997}.Debug|Any CPU.ActiveCfg = Debug|Any CPU
		{12A68549-4E8C-42D6-8703-A09335F97997}.Debug|Any CPU.Build.0 = Debug|Any CPU
		{12A68549-4E8C-42D6-8703-A09335F97997}.Release|Any CPU.ActiveCfg = Release|Any CPU
		{12A68549-4E8C-42D6-8703-A09335F97997}.Release|Any CPU.Build.0 = Release|Any CPU
		{12A68549-4E8C-42D6-8703-A09335F97997}.Testing|Any CPU.ActiveCfg = Debug|Any CPU
		{12A68549-4E8C-42D6-8703-A09335F97997}.Testing|Any CPU.Build.0 = Debug|Any CPU
		{5F8D2414-064A-4B3A-9B42-8E2A04246BE5}.Debug|Any CPU.ActiveCfg = Debug|Any CPU
		{5F8D2414-064A-4B3A-9B42-8E2A04246BE5}.Debug|Any CPU.Build.0 = Debug|Any CPU
		{5F8D2414-064A-4B3A-9B42-8E2A04246BE5}.Release|Any CPU.ActiveCfg = Release|Any CPU
		{5F8D2414-064A-4B3A-9B42-8E2A04246BE5}.Release|Any CPU.Build.0 = Release|Any CPU
		{5F8D2414-064A-4B3A-9B42-8E2A04246BE5}.Testing|Any CPU.ActiveCfg = Debug|Any CPU
		{5F8D2414-064A-4B3A-9B42-8E2A04246BE5}.Testing|Any CPU.Build.0 = Debug|Any CPU
		{8A02AFAF-F622-4E3E-9E1A-8CFDACC7C7E1}.Debug|Any CPU.ActiveCfg = Debug|Any CPU
		{8A02AFAF-F622-4E3E-9E1A-8CFDACC7C7E1}.Debug|Any CPU.Build.0 = Debug|Any CPU
		{8A02AFAF-F622-4E3E-9E1A-8CFDACC7C7E1}.Release|Any CPU.ActiveCfg = Release|Any CPU
		{8A02AFAF-F622-4E3E-9E1A-8CFDACC7C7E1}.Release|Any CPU.Build.0 = Release|Any CPU
		{8A02AFAF-F622-4E3E-9E1A-8CFDACC7C7E1}.Testing|Any CPU.ActiveCfg = Debug|Any CPU
		{8A02AFAF-F622-4E3E-9E1A-8CFDACC7C7E1}.Testing|Any CPU.Build.0 = Debug|Any CPU
		{9B25E472-DF94-4E24-9F5D-E487CE5A91FB}.Debug|Any CPU.ActiveCfg = Debug|Any CPU
		{9B25E472-DF94-4E24-9F5D-E487CE5A91FB}.Debug|Any CPU.Build.0 = Debug|Any CPU
		{9B25E472-DF94-4E24-9F5D-E487CE5A91FB}.Release|Any CPU.ActiveCfg = Release|Any CPU
		{9B25E472-DF94-4E24-9F5D-E487CE5A91FB}.Release|Any CPU.Build.0 = Release|Any CPU
		{9B25E472-DF94-4E24-9F5D-E487CE5A91FB}.Testing|Any CPU.ActiveCfg = Debug|Any CPU
		{9B25E472-DF94-4E24-9F5D-E487CE5A91FB}.Testing|Any CPU.Build.0 = Debug|Any CPU
		{8B341E03-5E3F-4C35-BB63-0D6668BA9629}.Debug|Any CPU.ActiveCfg = Debug|Any CPU
		{8B341E03-5E3F-4C35-BB63-0D6668BA9629}.Debug|Any CPU.Build.0 = Debug|Any CPU
		{8B341E03-5E3F-4C35-BB63-0D6668BA9629}.Release|Any CPU.ActiveCfg = Release|Any CPU
		{8B341E03-5E3F-4C35-BB63-0D6668BA9629}.Release|Any CPU.Build.0 = Release|Any CPU
		{8B341E03-5E3F-4C35-BB63-0D6668BA9629}.Testing|Any CPU.ActiveCfg = Testing|Any CPU
		{8B341E03-5E3F-4C35-BB63-0D6668BA9629}.Testing|Any CPU.Build.0 = Testing|Any CPU
		{CE8FF80C-C11B-46DE-9BBF-93DB2C18C958}.Debug|Any CPU.ActiveCfg = Debug|Any CPU
		{CE8FF80C-C11B-46DE-9BBF-93DB2C18C958}.Debug|Any CPU.Build.0 = Debug|Any CPU
		{CE8FF80C-C11B-46DE-9BBF-93DB2C18C958}.Release|Any CPU.ActiveCfg = Release|Any CPU
		{CE8FF80C-C11B-46DE-9BBF-93DB2C18C958}.Release|Any CPU.Build.0 = Release|Any CPU
		{CE8FF80C-C11B-46DE-9BBF-93DB2C18C958}.Testing|Any CPU.ActiveCfg = Testing|Any CPU
		{CE8FF80C-C11B-46DE-9BBF-93DB2C18C958}.Testing|Any CPU.Build.0 = Testing|Any CPU
		{08179868-A6A3-4C87-A29F-276864C37186}.Debug|Any CPU.ActiveCfg = Debug|Any CPU
		{08179868-A6A3-4C87-A29F-276864C37186}.Debug|Any CPU.Build.0 = Debug|Any CPU
		{08179868-A6A3-4C87-A29F-276864C37186}.Release|Any CPU.ActiveCfg = Release|Any CPU
		{08179868-A6A3-4C87-A29F-276864C37186}.Release|Any CPU.Build.0 = Release|Any CPU
		{08179868-A6A3-4C87-A29F-276864C37186}.Testing|Any CPU.ActiveCfg = Testing|Any CPU
		{08179868-A6A3-4C87-A29F-276864C37186}.Testing|Any CPU.Build.0 = Testing|Any CPU
		{2B907870-2A19-4618-9D52-BA05CF11B0DF}.Debug|Any CPU.ActiveCfg = Debug|Any CPU
		{2B907870-2A19-4618-9D52-BA05CF11B0DF}.Debug|Any CPU.Build.0 = Debug|Any CPU
		{2B907870-2A19-4618-9D52-BA05CF11B0DF}.Release|Any CPU.ActiveCfg = Release|Any CPU
		{2B907870-2A19-4618-9D52-BA05CF11B0DF}.Release|Any CPU.Build.0 = Release|Any CPU
		{2B907870-2A19-4618-9D52-BA05CF11B0DF}.Testing|Any CPU.ActiveCfg = Debug|Any CPU
		{2B907870-2A19-4618-9D52-BA05CF11B0DF}.Testing|Any CPU.Build.0 = Debug|Any CPU
		{EAD4DECD-839B-44A7-AE84-A864BF35969C}.Debug|Any CPU.ActiveCfg = Debug|Any CPU
		{EAD4DECD-839B-44A7-AE84-A864BF35969C}.Debug|Any CPU.Build.0 = Debug|Any CPU
		{EAD4DECD-839B-44A7-AE84-A864BF35969C}.Release|Any CPU.ActiveCfg = Release|Any CPU
		{EAD4DECD-839B-44A7-AE84-A864BF35969C}.Release|Any CPU.Build.0 = Release|Any CPU
		{EAD4DECD-839B-44A7-AE84-A864BF35969C}.Testing|Any CPU.ActiveCfg = Debug|Any CPU
		{EAD4DECD-839B-44A7-AE84-A864BF35969C}.Testing|Any CPU.Build.0 = Debug|Any CPU
		{7C0D6228-4C05-4734-BC49-6BFFAA5C8F3A}.Debug|Any CPU.ActiveCfg = Debug|Any CPU
		{7C0D6228-4C05-4734-BC49-6BFFAA5C8F3A}.Debug|Any CPU.Build.0 = Debug|Any CPU
		{7C0D6228-4C05-4734-BC49-6BFFAA5C8F3A}.Release|Any CPU.ActiveCfg = Release|Any CPU
		{7C0D6228-4C05-4734-BC49-6BFFAA5C8F3A}.Release|Any CPU.Build.0 = Release|Any CPU
		{7C0D6228-4C05-4734-BC49-6BFFAA5C8F3A}.Testing|Any CPU.ActiveCfg = Debug|Any CPU
		{7C0D6228-4C05-4734-BC49-6BFFAA5C8F3A}.Testing|Any CPU.Build.0 = Debug|Any CPU
		{40646B8D-B128-480A-9BD2-A2EEAE5C9809}.Debug|Any CPU.ActiveCfg = Debug|Any CPU
		{40646B8D-B128-480A-9BD2-A2EEAE5C9809}.Debug|Any CPU.Build.0 = Debug|Any CPU
		{40646B8D-B128-480A-9BD2-A2EEAE5C9809}.Release|Any CPU.ActiveCfg = Release|Any CPU
		{40646B8D-B128-480A-9BD2-A2EEAE5C9809}.Release|Any CPU.Build.0 = Release|Any CPU
		{40646B8D-B128-480A-9BD2-A2EEAE5C9809}.Testing|Any CPU.ActiveCfg = Debug|Any CPU
		{40646B8D-B128-480A-9BD2-A2EEAE5C9809}.Testing|Any CPU.Build.0 = Debug|Any CPU
		{51A1907B-8C3A-476D-9A30-A2FA21C691CF}.Debug|Any CPU.ActiveCfg = Debug|Any CPU
		{51A1907B-8C3A-476D-9A30-A2FA21C691CF}.Debug|Any CPU.Build.0 = Debug|Any CPU
		{51A1907B-8C3A-476D-9A30-A2FA21C691CF}.Release|Any CPU.ActiveCfg = Release|Any CPU
		{51A1907B-8C3A-476D-9A30-A2FA21C691CF}.Release|Any CPU.Build.0 = Release|Any CPU
		{51A1907B-8C3A-476D-9A30-A2FA21C691CF}.Testing|Any CPU.ActiveCfg = Debug|Any CPU
		{51A1907B-8C3A-476D-9A30-A2FA21C691CF}.Testing|Any CPU.Build.0 = Debug|Any CPU
		{7DCE9614-4484-4FB9-AE07-1C04ECEAF60B}.Debug|Any CPU.ActiveCfg = Testing|Any CPU
		{7DCE9614-4484-4FB9-AE07-1C04ECEAF60B}.Release|Any CPU.ActiveCfg = Testing|Any CPU
		{7DCE9614-4484-4FB9-AE07-1C04ECEAF60B}.Testing|Any CPU.ActiveCfg = Testing|Any CPU
		{7DCE9614-4484-4FB9-AE07-1C04ECEAF60B}.Testing|Any CPU.Build.0 = Testing|Any CPU
		{DF3D5817-5F3D-4964-8DE2-D45D312B1B32}.Debug|Any CPU.ActiveCfg = Testing|Any CPU
		{DF3D5817-5F3D-4964-8DE2-D45D312B1B32}.Release|Any CPU.ActiveCfg = Testing|Any CPU
		{DF3D5817-5F3D-4964-8DE2-D45D312B1B32}.Testing|Any CPU.ActiveCfg = Testing|Any CPU
		{DF3D5817-5F3D-4964-8DE2-D45D312B1B32}.Testing|Any CPU.Build.0 = Testing|Any CPU
		{D929770B-C91D-4553-B301-11C02FAF73E1}.Debug|Any CPU.ActiveCfg = Debug|Any CPU
		{D929770B-C91D-4553-B301-11C02FAF73E1}.Debug|Any CPU.Build.0 = Debug|Any CPU
		{D929770B-C91D-4553-B301-11C02FAF73E1}.Release|Any CPU.ActiveCfg = Release|Any CPU
		{D929770B-C91D-4553-B301-11C02FAF73E1}.Release|Any CPU.Build.0 = Release|Any CPU
		{D929770B-C91D-4553-B301-11C02FAF73E1}.Testing|Any CPU.ActiveCfg = Debug|Any CPU
		{D929770B-C91D-4553-B301-11C02FAF73E1}.Testing|Any CPU.Build.0 = Debug|Any CPU
		{FB12F0DD-2810-4EEA-A59D-FB21CA43F60D}.Debug|Any CPU.ActiveCfg = Debug|Any CPU
		{FB12F0DD-2810-4EEA-A59D-FB21CA43F60D}.Debug|Any CPU.Build.0 = Debug|Any CPU
		{FB12F0DD-2810-4EEA-A59D-FB21CA43F60D}.Release|Any CPU.ActiveCfg = Release|Any CPU
		{FB12F0DD-2810-4EEA-A59D-FB21CA43F60D}.Release|Any CPU.Build.0 = Release|Any CPU
		{FB12F0DD-2810-4EEA-A59D-FB21CA43F60D}.Testing|Any CPU.ActiveCfg = Debug|Any CPU
		{FB12F0DD-2810-4EEA-A59D-FB21CA43F60D}.Testing|Any CPU.Build.0 = Debug|Any CPU
		{2FC502DF-E5D1-46E6-ACF1-6CB45782D150}.Debug|Any CPU.ActiveCfg = Testing|Any CPU
		{2FC502DF-E5D1-46E6-ACF1-6CB45782D150}.Release|Any CPU.ActiveCfg = Testing|Any CPU
		{2FC502DF-E5D1-46E6-ACF1-6CB45782D150}.Testing|Any CPU.ActiveCfg = Testing|Any CPU
		{2FC502DF-E5D1-46E6-ACF1-6CB45782D150}.Testing|Any CPU.Build.0 = Testing|Any CPU
		{957329C8-2068-4E6B-AB54-8BE4D455EE1A}.Debug|Any CPU.ActiveCfg = Debug|Any CPU
		{957329C8-2068-4E6B-AB54-8BE4D455EE1A}.Debug|Any CPU.Build.0 = Debug|Any CPU
		{957329C8-2068-4E6B-AB54-8BE4D455EE1A}.Release|Any CPU.ActiveCfg = Release|Any CPU
		{957329C8-2068-4E6B-AB54-8BE4D455EE1A}.Release|Any CPU.Build.0 = Release|Any CPU
		{957329C8-2068-4E6B-AB54-8BE4D455EE1A}.Testing|Any CPU.ActiveCfg = Debug|Any CPU
		{957329C8-2068-4E6B-AB54-8BE4D455EE1A}.Testing|Any CPU.Build.0 = Debug|Any CPU
		{60D06FC4-4C55-4426-ADDF-2E493CEC2B1D}.Debug|Any CPU.ActiveCfg = Debug|Any CPU
		{60D06FC4-4C55-4426-ADDF-2E493CEC2B1D}.Debug|Any CPU.Build.0 = Debug|Any CPU
		{60D06FC4-4C55-4426-ADDF-2E493CEC2B1D}.Release|Any CPU.ActiveCfg = Release|Any CPU
		{60D06FC4-4C55-4426-ADDF-2E493CEC2B1D}.Release|Any CPU.Build.0 = Release|Any CPU
		{60D06FC4-4C55-4426-ADDF-2E493CEC2B1D}.Testing|Any CPU.ActiveCfg = Debug|Any CPU
		{60D06FC4-4C55-4426-ADDF-2E493CEC2B1D}.Testing|Any CPU.Build.0 = Debug|Any CPU
		{787D9B1B-2040-4354-9728-16877254B417}.Debug|Any CPU.ActiveCfg = Debug|Any CPU
		{787D9B1B-2040-4354-9728-16877254B417}.Debug|Any CPU.Build.0 = Debug|Any CPU
		{787D9B1B-2040-4354-9728-16877254B417}.Release|Any CPU.ActiveCfg = Release|Any CPU
		{787D9B1B-2040-4354-9728-16877254B417}.Release|Any CPU.Build.0 = Release|Any CPU
		{787D9B1B-2040-4354-9728-16877254B417}.Testing|Any CPU.ActiveCfg = Debug|Any CPU
		{787D9B1B-2040-4354-9728-16877254B417}.Testing|Any CPU.Build.0 = Debug|Any CPU
		{D32EC3B6-7849-4D98-B36A-2DB8ABE0A965}.Debug|Any CPU.ActiveCfg = Debug|Any CPU
		{D32EC3B6-7849-4D98-B36A-2DB8ABE0A965}.Debug|Any CPU.Build.0 = Debug|Any CPU
		{D32EC3B6-7849-4D98-B36A-2DB8ABE0A965}.Release|Any CPU.ActiveCfg = Release|Any CPU
		{D32EC3B6-7849-4D98-B36A-2DB8ABE0A965}.Testing|Any CPU.ActiveCfg = Debug|Any CPU
		{D32EC3B6-7849-4D98-B36A-2DB8ABE0A965}.Testing|Any CPU.Build.0 = Debug|Any CPU
		{057694CA-5BB2-4779-AC8B-4C067D4B70C4}.Debug|Any CPU.ActiveCfg = Debug|Any CPU
		{057694CA-5BB2-4779-AC8B-4C067D4B70C4}.Debug|Any CPU.Build.0 = Debug|Any CPU
		{057694CA-5BB2-4779-AC8B-4C067D4B70C4}.Release|Any CPU.ActiveCfg = Release|Any CPU
		{057694CA-5BB2-4779-AC8B-4C067D4B70C4}.Release|Any CPU.Build.0 = Release|Any CPU
		{057694CA-5BB2-4779-AC8B-4C067D4B70C4}.Testing|Any CPU.ActiveCfg = Debug|Any CPU
		{057694CA-5BB2-4779-AC8B-4C067D4B70C4}.Testing|Any CPU.Build.0 = Debug|Any CPU
		{4216EEF0-25D5-4CAD-BF2C-A8097B483F0E}.Debug|Any CPU.ActiveCfg = Debug|Any CPU
		{4216EEF0-25D5-4CAD-BF2C-A8097B483F0E}.Debug|Any CPU.Build.0 = Debug|Any CPU
		{4216EEF0-25D5-4CAD-BF2C-A8097B483F0E}.Release|Any CPU.ActiveCfg = Release|Any CPU
		{4216EEF0-25D5-4CAD-BF2C-A8097B483F0E}.Release|Any CPU.Build.0 = Release|Any CPU
		{4216EEF0-25D5-4CAD-BF2C-A8097B483F0E}.Testing|Any CPU.ActiveCfg = Debug|Any CPU
		{4216EEF0-25D5-4CAD-BF2C-A8097B483F0E}.Testing|Any CPU.Build.0 = Debug|Any CPU
		{9D2FBE1E-9980-43A6-B8BD-9226E67DB896}.Debug|Any CPU.ActiveCfg = Debug|Any CPU
		{9D2FBE1E-9980-43A6-B8BD-9226E67DB896}.Debug|Any CPU.Build.0 = Debug|Any CPU
		{9D2FBE1E-9980-43A6-B8BD-9226E67DB896}.Release|Any CPU.ActiveCfg = Release|Any CPU
		{9D2FBE1E-9980-43A6-B8BD-9226E67DB896}.Release|Any CPU.Build.0 = Release|Any CPU
		{9D2FBE1E-9980-43A6-B8BD-9226E67DB896}.Testing|Any CPU.ActiveCfg = Debug|Any CPU
		{9D2FBE1E-9980-43A6-B8BD-9226E67DB896}.Testing|Any CPU.Build.0 = Debug|Any CPU
	EndGlobalSection
	GlobalSection(SolutionProperties) = preSolution
		HideSolutionNode = FALSE
	EndGlobalSection
	GlobalSection(NestedProjects) = preSolution
		{1EE8CAD3-55F9-4D91-96B2-084641DA9A6C} = {A41D1B99-F489-4C43-BBDF-96D61B19A6B9}
		{D0BC9BE7-24F6-40CA-8DC6-FCB93BD44B34} = {A41D1B99-F489-4C43-BBDF-96D61B19A6B9}
		{C1930979-C824-496B-A630-70F5369A636F} = {3CDEA9FB-CD44-4AB4-98A8-5537AAA2169B}
		{D73ADF7D-2C1C-42AE-B2AB-EDC9497E4B71} = {3CDEA9FB-CD44-4AB4-98A8-5537AAA2169B}
		{7AD4FE65-9A30-41A6-8004-AA8F89BCB7F3} = {A41D1B99-F489-4C43-BBDF-96D61B19A6B9}
		{12A68549-4E8C-42D6-8703-A09335F97997} = {3FF38FD4-DF16-44B0-924F-0D5AE155495B}
		{5F8D2414-064A-4B3A-9B42-8E2A04246BE5} = {D9591377-7868-4D64-9314-83E0C92A871B}
		{8A02AFAF-F622-4E3E-9E1A-8CFDACC7C7E1} = {FD0FAF5F-1DED-485C-99FA-84B97F3A8EEC}
		{9B25E472-DF94-4E24-9F5D-E487CE5A91FB} = {FD0FAF5F-1DED-485C-99FA-84B97F3A8EEC}
		{E919DD77-34F8-4F57-8058-4D3FF4C2B241} = {3CDEA9FB-CD44-4AB4-98A8-5537AAA2169B}
		{8B341E03-5E3F-4C35-BB63-0D6668BA9629} = {A41D1B99-F489-4C43-BBDF-96D61B19A6B9}
		{CE8FF80C-C11B-46DE-9BBF-93DB2C18C958} = {81BA554D-718C-4FAB-B415-3C8FA88A8B64}
		{48CCBB50-B9E9-4A5A-AD46-91D80519B95E} = {A41D1B99-F489-4C43-BBDF-96D61B19A6B9}
		{08179868-A6A3-4C87-A29F-276864C37186} = {3DEF28A6-121F-4F81-9A17-8AD2282C39EA}
		{2B907870-2A19-4618-9D52-BA05CF11B0DF} = {81BA554D-718C-4FAB-B415-3C8FA88A8B64}
		{AE16B937-88B4-406C-BEB3-D22DE9E6C887} = {81BA554D-718C-4FAB-B415-3C8FA88A8B64}
		{EAD4DECD-839B-44A7-AE84-A864BF35969C} = {81BA554D-718C-4FAB-B415-3C8FA88A8B64}
		{7C0D6228-4C05-4734-BC49-6BFFAA5C8F3A} = {81BA554D-718C-4FAB-B415-3C8FA88A8B64}
		{4CEC9807-0CF3-4AAB-91B7-7E5C68159520} = {3DEF28A6-121F-4F81-9A17-8AD2282C39EA}
		{40646B8D-B128-480A-9BD2-A2EEAE5C9809} = {3DEF28A6-121F-4F81-9A17-8AD2282C39EA}
		{51A1907B-8C3A-476D-9A30-A2FA21C691CF} = {3DEF28A6-121F-4F81-9A17-8AD2282C39EA}
		{7DCE9614-4484-4FB9-AE07-1C04ECEAF60B} = {A41D1B99-F489-4C43-BBDF-96D61B19A6B9}
		{DF3D5817-5F3D-4964-8DE2-D45D312B1B32} = {81BA554D-718C-4FAB-B415-3C8FA88A8B64}
		{D929770B-C91D-4553-B301-11C02FAF73E1} = {878A85F9-29C3-4BF8-AC32-8F45C7503343}
		{B2D21490-8284-48C7-8E96-85EBFB70C11F} = {878A85F9-29C3-4BF8-AC32-8F45C7503343}
		{FB12F0DD-2810-4EEA-A59D-FB21CA43F60D} = {878A85F9-29C3-4BF8-AC32-8F45C7503343}
		{2FC502DF-E5D1-46E6-ACF1-6CB45782D150} = {3DEF28A6-121F-4F81-9A17-8AD2282C39EA}
		{878A85F9-29C3-4BF8-AC32-8F45C7503343} = {FD0FAF5F-1DED-485C-99FA-84B97F3A8EEC}
		{F1FEDF8F-5D73-413B-AD59-DE53E2271106} = {FD0FAF5F-1DED-485C-99FA-84B97F3A8EEC}
		{957329C8-2068-4E6B-AB54-8BE4D455EE1A} = {F1FEDF8F-5D73-413B-AD59-DE53E2271106}
		{60D06FC4-4C55-4426-ADDF-2E493CEC2B1D} = {F1FEDF8F-5D73-413B-AD59-DE53E2271106}
		{787D9B1B-2040-4354-9728-16877254B417} = {F1FEDF8F-5D73-413B-AD59-DE53E2271106}
		{D32EC3B6-7849-4D98-B36A-2DB8ABE0A965} = {F1FEDF8F-5D73-413B-AD59-DE53E2271106}
		{057694CA-5BB2-4779-AC8B-4C067D4B70C4} = {F1FEDF8F-5D73-413B-AD59-DE53E2271106}
		{4216EEF0-25D5-4CAD-BF2C-A8097B483F0E} = {F1FEDF8F-5D73-413B-AD59-DE53E2271106}
		{9D2FBE1E-9980-43A6-B8BD-9226E67DB896} = {F1FEDF8F-5D73-413B-AD59-DE53E2271106}
	EndGlobalSection
	GlobalSection(ExtensibilityGlobals) = postSolution
		SolutionGuid = {6F599E08-A9EA-4FAA-897F-5D824B0210E6}
	EndGlobalSection
	GlobalSection(SharedMSBuildProjectFiles) = preSolution
		src\Compilers\Core\Shared\SamLu.CodeAnalysis.Shared\SamLu.CodeAnalysis.Shared.projitems*{08179868-a6a3-4c87-a29f-276864c37186}*SharedItemsImports = 5
		src\Compilers\Core\AnalyzerDriver\AnalyzerDriver.projitems*{1ee8cad3-55f9-4d91-96b2-084641da9a6c}*SharedItemsImports = 5
		src\Dependencies\CodeAnalysis.Debugging\Microsoft.CodeAnalysis.Debugging.projitems*{1ee8cad3-55f9-4d91-96b2-084641da9a6c}*SharedItemsImports = 5
		src\Dependencies\Collections\Microsoft.CodeAnalysis.Collections.projitems*{1ee8cad3-55f9-4d91-96b2-084641da9a6c}*SharedItemsImports = 5
		src\Dependencies\PooledObjects\Microsoft.CodeAnalysis.PooledObjects.projitems*{1ee8cad3-55f9-4d91-96b2-084641da9a6c}*SharedItemsImports = 5
		src\Compilers\MoonScript\moonc\MooncCommandLine.projitems*{40646b8d-b128-480a-9bd2-a2eeae5c9809}*SharedItemsImports = 5
		src\Compilers\Core\Shared\SamLu.CodeAnalysis.Shared\SamLu.CodeAnalysis.Shared.projitems*{48ccbb50-b9e9-4a5a-ad46-91d80519b95e}*SharedItemsImports = 13
		src\Compilers\MoonScript\moonc\MooncCommandLine.projitems*{4cec9807-0cf3-4aab-91b7-7e5c68159520}*SharedItemsImports = 13
		src\Compilers\MoonScript\moonc\MooncCommandLine.projitems*{51a1907b-8c3a-476d-9a30-a2fa21c691cf}*SharedItemsImports = 5
		src\Dependencies\Collections\Microsoft.CodeAnalysis.Collections.projitems*{5f8d2414-064a-4b3a-9b42-8e2a04246be5}*SharedItemsImports = 5
		src\Dependencies\PooledObjects\Microsoft.CodeAnalysis.PooledObjects.projitems*{5f8d2414-064a-4b3a-9b42-8e2a04246be5}*SharedItemsImports = 5
		src\Workspaces\SharedUtilitiesAndExtensions\Compiler\Core\CompilerExtensions.projitems*{5f8d2414-064a-4b3a-9b42-8e2a04246be5}*SharedItemsImports = 5
		src\Workspaces\SharedUtilitiesAndExtensions\Workspace\Core\WorkspaceExtensions.projitems*{5f8d2414-064a-4b3a-9b42-8e2a04246be5}*SharedItemsImports = 5
		src\Compilers\Lua\luac\LuacCommandLine.projitems*{7c0d6228-4c05-4734-bc49-6bffaa5c8f3a}*SharedItemsImports = 5
		src\Compilers\Lua\luac\LuacCommandLine.projitems*{ae16b937-88b4-406c-beb3-d22de9e6c887}*SharedItemsImports = 13
		src\Tools\Source\CompilerGeneratorTools\src\Shared\CodeAnalysisGenerators.Shared.projitems*{b2d21490-8284-48c7-8e96-85ebfb70c11f}*SharedItemsImports = 13
		src\Dependencies\PooledObjects\Microsoft.CodeAnalysis.PooledObjects.projitems*{c1930979-c824-496b-a630-70f5369a636f}*SharedItemsImports = 13
		src\Compilers\Core\Shared\SamLu.CodeAnalysis.Shared\SamLu.CodeAnalysis.Shared.projitems*{ce8ff80c-c11b-46de-9bbf-93db2c18c958}*SharedItemsImports = 5
		src\Compilers\Core\AnalyzerDriver\AnalyzerDriver.projitems*{d0bc9be7-24f6-40ca-8dc6-fcb93bd44b34}*SharedItemsImports = 13
		src\Dependencies\CodeAnalysis.Debugging\Microsoft.CodeAnalysis.Debugging.projitems*{d73adf7d-2c1c-42ae-b2ab-edc9497e4b71}*SharedItemsImports = 13
		src\Tools\Source\CompilerGeneratorTools\src\Shared\CodeAnalysisGenerators.Shared.projitems*{d929770b-c91d-4553-b301-11c02faf73e1}*SharedItemsImports = 5
		src\Dependencies\Collections\Microsoft.CodeAnalysis.Collections.projitems*{e919dd77-34f8-4f57-8058-4d3ff4c2b241}*SharedItemsImports = 13
		src\Compilers\Lua\luac\LuacCommandLine.projitems*{ead4decd-839b-44a7-ae84-a864bf35969c}*SharedItemsImports = 5
		src\Tools\Source\CompilerGeneratorTools\src\Shared\CodeAnalysisGenerators.Shared.projitems*{fb12f0dd-2810-4eea-a59d-fb21ca43f60d}*SharedItemsImports = 5
	EndGlobalSection
EndGlobal
