
Microsoft Visual Studio Solution File, Format Version 12.00
# Visual Studio Version 17
VisualStudioVersion = 17.2.32210.308
MinimumVisualStudioVersion = 10.0.40219.1
Project("{9A19103F-16F7-4668-BE54-9A1E7A4F7556}") = "luac", "src\Compilers\Lua\luac\luac.csproj", "{3767133E-0A7A-43A2-9B0F-6B36B2603707}"
EndProject
Project("{2150E333-8FDC-42A3-9474-1A3956D46DE8}") = "Compilers", "Compilers", "{4B7E71E9-4E0A-4DBD-BD70-2BFD5FB5C984}"
EndProject
Project("{2150E333-8FDC-42A3-9474-1A3956D46DE8}") = "Lua", "Lua", "{A2DD118C-ACA3-48FB-9D72-C131D47C9857}"
EndProject
Project("{2150E333-8FDC-42A3-9474-1A3956D46DE8}") = "MoonScript", "MoonScript", "{38A42F84-9235-41A3-B6F0-B8A166EA4FB6}"
EndProject
Project("{2150E333-8FDC-42A3-9474-1A3956D46DE8}") = "Core", "Core", "{2E4511B4-7315-4E4A-A08C-5FC93B2FAD47}"
EndProject
Project("{9A19103F-16F7-4668-BE54-9A1E7A4F7556}") = "Microsoft.CodeAnalysis", "src\Compilers\Core\Portable\Microsoft.CodeAnalysis.csproj", "{784D457B-D0F0-4D0A-9C4F-95CF6FB98980}"
EndProject
Project("{9A19103F-16F7-4668-BE54-9A1E7A4F7556}") = "SamLu.CodeAnalysis.Lua", "src\Compilers\Lua\Portable\SamLu.CodeAnalysis.Lua.csproj", "{6D3AB8BE-E9DC-4BDF-8BE8-403911F559E6}"
EndProject
Project("{9A19103F-16F7-4668-BE54-9A1E7A4F7556}") = "moonc", "src\Compilers\MoonScript\moonc\moonc.csproj", "{D803B456-ECF0-48E2-B360-F08A8669455E}"
EndProject
Project("{D954291E-2A0B-460D-934E-DC6B0785DB48}") = "CommandLine", "src\Compilers\Core\CommandLine\CommandLine.shproj", "{AD6F474E-E6D4-4217-91F3-B7AF1BE31CCC}"
EndProject
Project("{FAE04EC0-301F-11D3-BF4B-00C04F79EFBC}") = "SamLu.CodeAnalysis", "src\Compilers\Core\SamLu.CodeAnalysis\SamLu.CodeAnalysis.csproj", "{7544FC9D-2246-4BF2-964A-B2ABD1E2669C}"
EndProject
Global
	GlobalSection(SharedMSBuildProjectFiles) = preSolution
		src\Compilers\Core\CommandLine\CommandLine.projitems*{3767133e-0a7a-43a2-9b0f-6b36b2603707}*SharedItemsImports = 5
		src\Compilers\Core\AnalyzerDriver\AnalyzerDriver.projitems*{784d457b-d0f0-4d0a-9c4f-95cf6fb98980}*SharedItemsImports = 5
		src\Dependencies\CodeAnalysis.Debugging\Microsoft.CodeAnalysis.Debugging.projitems*{784d457b-d0f0-4d0a-9c4f-95cf6fb98980}*SharedItemsImports = 5
		src\Dependencies\Collections\Microsoft.CodeAnalysis.Collections.projitems*{784d457b-d0f0-4d0a-9c4f-95cf6fb98980}*SharedItemsImports = 5
		src\Dependencies\PooledObjects\Microsoft.CodeAnalysis.PooledObjects.projitems*{784d457b-d0f0-4d0a-9c4f-95cf6fb98980}*SharedItemsImports = 5
		src\Compilers\Core\CommandLine\CommandLine.projitems*{ad6f474e-e6d4-4217-91f3-b7af1be31ccc}*SharedItemsImports = 13
		src\Compilers\Core\CommandLine\CommandLine.projitems*{d803b456-ecf0-48e2-b360-f08a8669455e}*SharedItemsImports = 5
	EndGlobalSection
	GlobalSection(SolutionConfigurationPlatforms) = preSolution
		Debug|Any CPU = Debug|Any CPU
		Release|Any CPU = Release|Any CPU
	EndGlobalSection
	GlobalSection(ProjectConfigurationPlatforms) = postSolution
		{3767133E-0A7A-43A2-9B0F-6B36B2603707}.Debug|Any CPU.ActiveCfg = Debug|Any CPU
		{3767133E-0A7A-43A2-9B0F-6B36B2603707}.Debug|Any CPU.Build.0 = Debug|Any CPU
		{3767133E-0A7A-43A2-9B0F-6B36B2603707}.Release|Any CPU.ActiveCfg = Release|Any CPU
		{3767133E-0A7A-43A2-9B0F-6B36B2603707}.Release|Any CPU.Build.0 = Release|Any CPU
		{784D457B-D0F0-4D0A-9C4F-95CF6FB98980}.Debug|Any CPU.ActiveCfg = Debug|Any CPU
		{784D457B-D0F0-4D0A-9C4F-95CF6FB98980}.Debug|Any CPU.Build.0 = Debug|Any CPU
		{784D457B-D0F0-4D0A-9C4F-95CF6FB98980}.Release|Any CPU.ActiveCfg = Release|Any CPU
		{784D457B-D0F0-4D0A-9C4F-95CF6FB98980}.Release|Any CPU.Build.0 = Release|Any CPU
		{6D3AB8BE-E9DC-4BDF-8BE8-403911F559E6}.Debug|Any CPU.ActiveCfg = Debug|Any CPU
		{6D3AB8BE-E9DC-4BDF-8BE8-403911F559E6}.Debug|Any CPU.Build.0 = Debug|Any CPU
		{6D3AB8BE-E9DC-4BDF-8BE8-403911F559E6}.Release|Any CPU.ActiveCfg = Release|Any CPU
		{6D3AB8BE-E9DC-4BDF-8BE8-403911F559E6}.Release|Any CPU.Build.0 = Release|Any CPU
		{D803B456-ECF0-48E2-B360-F08A8669455E}.Debug|Any CPU.ActiveCfg = Debug|Any CPU
		{D803B456-ECF0-48E2-B360-F08A8669455E}.Debug|Any CPU.Build.0 = Debug|Any CPU
		{D803B456-ECF0-48E2-B360-F08A8669455E}.Release|Any CPU.ActiveCfg = Release|Any CPU
		{D803B456-ECF0-48E2-B360-F08A8669455E}.Release|Any CPU.Build.0 = Release|Any CPU
		{7544FC9D-2246-4BF2-964A-B2ABD1E2669C}.Debug|Any CPU.ActiveCfg = Debug|Any CPU
		{7544FC9D-2246-4BF2-964A-B2ABD1E2669C}.Debug|Any CPU.Build.0 = Debug|Any CPU
		{7544FC9D-2246-4BF2-964A-B2ABD1E2669C}.Release|Any CPU.ActiveCfg = Release|Any CPU
		{7544FC9D-2246-4BF2-964A-B2ABD1E2669C}.Release|Any CPU.Build.0 = Release|Any CPU
	EndGlobalSection
	GlobalSection(SolutionProperties) = preSolution
		HideSolutionNode = FALSE
	EndGlobalSection
	GlobalSection(NestedProjects) = preSolution
		{3767133E-0A7A-43A2-9B0F-6B36B2603707} = {A2DD118C-ACA3-48FB-9D72-C131D47C9857}
		{A2DD118C-ACA3-48FB-9D72-C131D47C9857} = {4B7E71E9-4E0A-4DBD-BD70-2BFD5FB5C984}
		{38A42F84-9235-41A3-B6F0-B8A166EA4FB6} = {4B7E71E9-4E0A-4DBD-BD70-2BFD5FB5C984}
		{2E4511B4-7315-4E4A-A08C-5FC93B2FAD47} = {4B7E71E9-4E0A-4DBD-BD70-2BFD5FB5C984}
		{784D457B-D0F0-4D0A-9C4F-95CF6FB98980} = {2E4511B4-7315-4E4A-A08C-5FC93B2FAD47}
		{6D3AB8BE-E9DC-4BDF-8BE8-403911F559E6} = {A2DD118C-ACA3-48FB-9D72-C131D47C9857}
		{D803B456-ECF0-48E2-B360-F08A8669455E} = {38A42F84-9235-41A3-B6F0-B8A166EA4FB6}
		{AD6F474E-E6D4-4217-91F3-B7AF1BE31CCC} = {2E4511B4-7315-4E4A-A08C-5FC93B2FAD47}
		{7544FC9D-2246-4BF2-964A-B2ABD1E2669C} = {2E4511B4-7315-4E4A-A08C-5FC93B2FAD47}
	EndGlobalSection
	GlobalSection(ExtensibilityGlobals) = postSolution
		SolutionGuid = {B96293EC-4ED1-446B-9346-F73CA2D8950E}
	EndGlobalSection
EndGlobal
