
Microsoft Visual Studio Solution File, Format Version 12.00
# Visual Studio Version 17
VisualStudioVersion = 17.3.32611.2
MinimumVisualStudioVersion = 10.0.40219.1
Project("{9A19103F-16F7-4668-BE54-9A1E7A4F7556}") = "CompilersBoundTreeGenerator", "Source\BoundTreeGenerator\CompilersBoundTreeGenerator.csproj", "{02459936-CD2C-4F61-B671-5C518F2A3DDC}"
EndProject
Project("{9A19103F-16F7-4668-BE54-9A1E7A4F7556}") = "CompilersIOperationGenerator", "Source\IOperationGenerator\CompilersIOperationGenerator.csproj", "{78B6E516-9909-4B10-B831-577F28C469DD}"
EndProject
Project("{FAE04EC0-301F-11D3-BF4B-00C04F79EFBC}") = "SyntaxGenerator", "Source\SyntaxGenerator\SyntaxGenerator.csproj", "{6200CA6E-1966-4562-9328-0DB120058465}"
EndProject
Global
	GlobalSection(SolutionConfigurationPlatforms) = preSolution
		Debug|Any CPU = Debug|Any CPU
		Release|Any CPU = Release|Any CPU
	EndGlobalSection
	GlobalSection(ProjectConfigurationPlatforms) = postSolution
		{02459936-CD2C-4F61-B671-5C518F2A3DDC}.Debug|Any CPU.ActiveCfg = Debug|x64
		{02459936-CD2C-4F61-B671-5C518F2A3DDC}.Debug|Any CPU.Build.0 = Debug|x64
		{02459936-CD2C-4F61-B671-5C518F2A3DDC}.Release|Any CPU.ActiveCfg = Release|x64
		{02459936-CD2C-4F61-B671-5C518F2A3DDC}.Release|Any CPU.Build.0 = Release|x64
		{78B6E516-9909-4B10-B831-577F28C469DD}.Debug|Any CPU.ActiveCfg = Debug|Any CPU
		{78B6E516-9909-4B10-B831-577F28C469DD}.Debug|Any CPU.Build.0 = Debug|Any CPU
		{78B6E516-9909-4B10-B831-577F28C469DD}.Release|Any CPU.ActiveCfg = Release|Any CPU
		{78B6E516-9909-4B10-B831-577F28C469DD}.Release|Any CPU.Build.0 = Release|Any CPU
		{6200CA6E-1966-4562-9328-0DB120058465}.Debug|Any CPU.ActiveCfg = Debug|Any CPU
		{6200CA6E-1966-4562-9328-0DB120058465}.Debug|Any CPU.Build.0 = Debug|Any CPU
		{6200CA6E-1966-4562-9328-0DB120058465}.Release|Any CPU.ActiveCfg = Release|Any CPU
		{6200CA6E-1966-4562-9328-0DB120058465}.Release|Any CPU.Build.0 = Release|Any CPU
	EndGlobalSection
	GlobalSection(SolutionProperties) = preSolution
		HideSolutionNode = FALSE
	EndGlobalSection
	GlobalSection(ExtensibilityGlobals) = postSolution
		SolutionGuid = {111669A5-6F61-4184-AAA6-EE639B755D1F}
	EndGlobalSection
EndGlobal
