
Microsoft Visual Studio Solution File, Format Version 12.00
# Visual Studio Version 17
VisualStudioVersion = 17.2.32422.2
MinimumVisualStudioVersion = 10.0.40219.1
Project("{2150E333-8FDC-42A3-9474-1A3956D46DE8}") = "Lua", "Lua", "{CF99C648-7AE6-48FA-A20B-7D2A0D0E374A}"
EndProject
Project("{9A19103F-16F7-4668-BE54-9A1E7A4F7556}") = "Lua.Core", "Lua\Lua.Core\Lua.Core.csproj", "{1DC602FE-C28F-4659-9341-9EA536203207}"
EndProject
Project("{9A19103F-16F7-4668-BE54-9A1E7A4F7556}") = "Lua.Core.UnitTest", "Lua\Test\Lua.Core.UnitTest\Lua.Core.UnitTest.csproj", "{913D0137-6C97-42FF-8365-D8E0903E039D}"
EndProject
Global
	GlobalSection(SolutionConfigurationPlatforms) = preSolution
		Debug|Any CPU = Debug|Any CPU
		Release|Any CPU = Release|Any CPU
	EndGlobalSection
	GlobalSection(ProjectConfigurationPlatforms) = postSolution
		{1DC602FE-C28F-4659-9341-9EA536203207}.Debug|Any CPU.ActiveCfg = Debug|Any CPU
		{1DC602FE-C28F-4659-9341-9EA536203207}.Debug|Any CPU.Build.0 = Debug|Any CPU
		{1DC602FE-C28F-4659-9341-9EA536203207}.Release|Any CPU.ActiveCfg = Release|Any CPU
		{1DC602FE-C28F-4659-9341-9EA536203207}.Release|Any CPU.Build.0 = Release|Any CPU
		{913D0137-6C97-42FF-8365-D8E0903E039D}.Debug|Any CPU.ActiveCfg = Debug|Any CPU
		{913D0137-6C97-42FF-8365-D8E0903E039D}.Debug|Any CPU.Build.0 = Debug|Any CPU
		{913D0137-6C97-42FF-8365-D8E0903E039D}.Release|Any CPU.ActiveCfg = Release|Any CPU
		{913D0137-6C97-42FF-8365-D8E0903E039D}.Release|Any CPU.Build.0 = Release|Any CPU
	EndGlobalSection
	GlobalSection(SolutionProperties) = preSolution
		HideSolutionNode = FALSE
	EndGlobalSection
	GlobalSection(NestedProjects) = preSolution
		{1DC602FE-C28F-4659-9341-9EA536203207} = {CF99C648-7AE6-48FA-A20B-7D2A0D0E374A}
		{913D0137-6C97-42FF-8365-D8E0903E039D} = {CF99C648-7AE6-48FA-A20B-7D2A0D0E374A}
	EndGlobalSection
	GlobalSection(ExtensibilityGlobals) = postSolution
		SolutionGuid = {676974EC-C078-4578-BE49-47D737E9E292}
	EndGlobalSection
EndGlobal
